
Microsoft Visual Studio Solution File, Format Version 12.00
# Visual Studio Version 16
VisualStudioVersion = 16.0.29806.167
MinimumVisualStudioVersion = 10.0.40219.1
Project("{8BC9CEB8-8B4A-11D0-8D11-00A0C91BC942}") = "日期计算器", "日期计算器\日期计算器.vcxproj", "{FF778334-CEB7-4305-8510-FE397156641C}"
EndProject
Project("{8BC9CEB8-8B4A-11D0-8D11-00A0C91BC942}") = "查询成绩", "查询成绩\查询成绩.vcxproj", "{F15E0B8E-6C2C-4621-9885-9D5AABE47257}"
EndProject
Project("{8BC9CEB8-8B4A-11D0-8D11-00A0C91BC942}") = "test", "test\test.vcxproj", "{86144CE7-B129-41B7-A0B1-8F9BF2565FE0}"
EndProject
Project("{8BC9CEB8-8B4A-11D0-8D11-00A0C91BC942}") = "图形时钟", "图形时钟\图形时钟.vcxproj", "{1E81C494-7602-46A2-A327-3F95D40136DD}"
EndProject
Project("{8BC9CEB8-8B4A-11D0-8D11-00A0C91BC942}") = "成绩管理-显示记录 链表 C", "成绩管理-显示记录 链表 C\成绩管理-显示记录 链表 C.vcxproj", "{6C30420F-2FB7-4B28-B673-F8EFDC6B69F4}"
EndProject
Project("{8BC9CEB8-8B4A-11D0-8D11-00A0C91BC942}") = "成绩管理-显示记录 链表 C++", "成绩管理-显示记录 链表 C++\成绩管理-显示记录 链表 C++.vcxproj", "{371042EF-A109-4E70-BE41-B871B7A7DE73}"
EndProject
Project("{8BC9CEB8-8B4A-11D0-8D11-00A0C91BC942}") = "成绩管理-统计记录", "成绩管理-统计记录\成绩管理-统计记录.vcxproj", "{3173E122-50C0-439C-9BF6-09752F31FBB3}"
EndProject
Project("{8BC9CEB8-8B4A-11D0-8D11-00A0C91BC942}") = "成绩管理-排序记录", "成绩管理-排序记录\成绩管理-排序记录.vcxproj", "{F63ED32F-9EA3-4D49-80FA-4B790C8F83B9}"
EndProject
Project("{8BC9CEB8-8B4A-11D0-8D11-00A0C91BC942}") = "成绩管理-查找记录", "成绩管理-查找记录\成绩管理-查找记录.vcxproj", "{FBE3D793-D93D-44E9-BE46-CD4113732866}"
EndProject
Project("{8BC9CEB8-8B4A-11D0-8D11-00A0C91BC942}") = "成绩管理-删除记录", "成绩管理-删除记录\成绩管理-删除记录.vcxproj", "{6C77734C-350E-4018-8BA6-C4EB880B13F8}"
EndProject
Project("{8BC9CEB8-8B4A-11D0-8D11-00A0C91BC942}") = "成绩管理-修改记录", "成绩管理-修改记录\成绩管理-修改记录.vcxproj", "{6C94D8FC-12FC-435A-ACFB-37371262926F}"
EndProject
Project("{8BC9CEB8-8B4A-11D0-8D11-00A0C91BC942}") = "成绩管理-添加记录", "成绩管理-添加记录\成绩管理-添加记录.vcxproj", "{E534B462-ACA7-43A6-BEE1-E509C46ECC9B}"
EndProject
Project("{8BC9CEB8-8B4A-11D0-8D11-00A0C91BC942}") = "学生成绩管理系统", "学生成绩管理系统\学生成绩管理系统.vcxproj", "{195C4B78-F1EF-4001-8255-A254B15532D5}"
EndProject
Project("{8BC9CEB8-8B4A-11D0-8D11-00A0C91BC942}") = "成绩管理-带表头结点-删除记录", "成绩管理-带表头结点-删除记录\成绩管理-带表头结点-删除记录.vcxproj", "{7A784B8E-1B0F-409E-AECA-7B54486014E1}"
EndProject
Project("{8BC9CEB8-8B4A-11D0-8D11-00A0C91BC942}") = "成绩管理-带表头结点-添加记录", "成绩管理-带表头结点-添加记录\成绩管理-带表头结点-添加记录.vcxproj", "{5622EC40-05BE-49AC-9519-D6D973A8B57A}"
EndProject
Project("{8BC9CEB8-8B4A-11D0-8D11-00A0C91BC942}") = "格式输出-流成员函数", "格式输出-流成员函数\格式输出-流成员函数.vcxproj", "{B4755978-D99B-40B4-B8C9-8D3F79B7C443}"
EndProject
Project("{8BC9CEB8-8B4A-11D0-8D11-00A0C91BC942}") = "输入输出流基本练习", "输入输出流基本练习\输入输出流基本练习.vcxproj", "{08D2693B-042F-4075-AC8B-EDB15111B91F}"
EndProject
Project("{8BC9CEB8-8B4A-11D0-8D11-00A0C91BC942}") = "文件基本操作", "文件基本操作\文件基本操作.vcxproj", "{75E0FE82-8EB7-426B-BEC8-CE99EEF82D63}"
EndProject
Project("{8BC9CEB8-8B4A-11D0-8D11-00A0C91BC942}") = "读写同一个文件", "读写同一个文件\读写同一个文件.vcxproj", "{B56E96E0-AF8F-4874-8C56-DA70B2E07065}"
EndProject
Project("{8BC9CEB8-8B4A-11D0-8D11-00A0C91BC942}") = "文件压缩小程序", "文件压缩小程序\文件压缩小程序.vcxproj", "{83C40D32-40A0-468E-8B06-FE66DFBA0EAB}"
EndProject
Project("{8BC9CEB8-8B4A-11D0-8D11-00A0C91BC942}") = "二进制转换器", "二进制转换器\二进制转换器.vcxproj", "{E19A2D13-292F-4C2F-B790-76B2063ACD36}"
EndProject
Project("{8BC9CEB8-8B4A-11D0-8D11-00A0C91BC942}") = "电话簿小程序", "电话簿小程序\电话簿小程序.vcxproj", "{EA221D5F-9ECF-4EDE-930A-D5F1AA86E42E}"
EndProject
Project("{8BC9CEB8-8B4A-11D0-8D11-00A0C91BC942}") = "修理复读机", "修理复读机\修理复读机.vcxproj", "{86FE8A80-5423-4616-8CAD-70D0EB74CD5E}"
EndProject
Project("{8BC9CEB8-8B4A-11D0-8D11-00A0C91BC942}") = "输出时间程序改错", "输出时间程序改错\输出时间程序改错.vcxproj", "{4AD758D8-FC13-422B-A3BA-2CE733750993}"
EndProject
Project("{8BC9CEB8-8B4A-11D0-8D11-00A0C91BC942}") = "时间显示1", "时间显示1\时间显示1.vcxproj", "{BB449F23-BB98-4A49-9ABA-61968969B624}"
EndProject
Project("{8BC9CEB8-8B4A-11D0-8D11-00A0C91BC942}") = "时间显示2", "时间显示2\时间显示2.vcxproj", "{08246D01-3E88-4DCB-A3A6-C9988CEBA658}"
EndProject
Project("{8BC9CEB8-8B4A-11D0-8D11-00A0C91BC942}") = "体积计算", "体积计算\体积计算.vcxproj", "{2D4E25DA-23A4-4749-BB27-DD5D81406B04}"
EndProject
Project("{8BC9CEB8-8B4A-11D0-8D11-00A0C91BC942}") = "程序分析1", "程序分析1\程序分析1.vcxproj", "{16EFAFA5-DE81-447A-8CCE-551BA9085C6E}"
EndProject
Project("{8BC9CEB8-8B4A-11D0-8D11-00A0C91BC942}") = "程序改错1", "程序改错1\程序改错1.vcxproj", "{4C27E8D3-B0AB-4707-BD94-CE752D5BBDD3}"
EndProject
Project("{8BC9CEB8-8B4A-11D0-8D11-00A0C91BC942}") = "对象数组练习", "对象数组练习\对象数组练习.vcxproj", "{387B8495-418D-4236-B270-940797CE81C6}"
EndProject
Project("{8BC9CEB8-8B4A-11D0-8D11-00A0C91BC942}") = "程序分析2", "程序分析2\程序分析2.vcxproj", "{87C02CFC-7DD9-4000-B7E0-41AC44A427DF}"
EndProject
Project("{8BC9CEB8-8B4A-11D0-8D11-00A0C91BC942}") = "对象操作练习", "对象操作练习\对象操作练习.vcxproj", "{6BB66030-BB6C-4A9C-BEA7-1F16B5FDF652}"
EndProject
Project("{8BC9CEB8-8B4A-11D0-8D11-00A0C91BC942}") = "日期显示1", "日期显示1\日期显示1.vcxproj", "{10086C38-AC28-4E56-81EB-FD4C076F2045}"
EndProject
Project("{8BC9CEB8-8B4A-11D0-8D11-00A0C91BC942}") = "日期显示2", "日期显示2\日期显示2.vcxproj", "{D0AF7936-8711-4273-A086-74447352F32A}"
EndProject
Project("{8BC9CEB8-8B4A-11D0-8D11-00A0C91BC942}") = "日期计算器（类与对象）", "日期计算器（类与对象）\日期计算器（类与对象）.vcxproj", "{19107AF2-C789-4AE5-9848-16D6B026B092}"
EndProject
Project("{8BC9CEB8-8B4A-11D0-8D11-00A0C91BC942}") = "程序补全-字符串", "程序补全-字符串\程序补全-字符串.vcxproj", "{FBD0FA99-7F8A-46DE-BA60-B65545A275A5}"
EndProject
Project("{8BC9CEB8-8B4A-11D0-8D11-00A0C91BC942}") = "销售记录录入", "销售记录录入\销售记录录入.vcxproj", "{15E3AAB0-3194-4B0A-880C-F526D8A09ADF}"
EndProject
Project("{8BC9CEB8-8B4A-11D0-8D11-00A0C91BC942}") = "贪吃蛇大作战", "贪吃蛇大作战\贪吃蛇大作战.vcxproj", "{BCB82E3D-F14F-4631-AFAD-A97E2A65EBE6}"
EndProject
Project("{8BC9CEB8-8B4A-11D0-8D11-00A0C91BC942}") = "重载运算符-矩阵加法", "重载运算符-矩阵加法\重载运算符-矩阵加法.vcxproj", "{BDACF75F-4B4A-4539-BF1C-4BE65086F387}"
EndProject
Project("{8BC9CEB8-8B4A-11D0-8D11-00A0C91BC942}") = "重载流运算符-矩阵输出", "重载流运算符-矩阵输出\重载流运算符-矩阵输出.vcxproj", "{D9C4C4F7-3063-4163-82CE-F6DFD7202597}"
EndProject
Project("{8BC9CEB8-8B4A-11D0-8D11-00A0C91BC942}") = "类型转换", "类型转换\类型转换.vcxproj", "{BA1600A6-080D-4D28-9F96-93BB1AC68234}"
EndProject
Project("{8BC9CEB8-8B4A-11D0-8D11-00A0C91BC942}") = "日期显示-加强版", "日期显示-加强版\日期显示-加强版.vcxproj", "{66E529C7-E24F-4766-BF64-D2883E05045B}"
EndProject
Project("{8BC9CEB8-8B4A-11D0-8D11-00A0C91BC942}") = "销售记录录入-加强版", "销售记录录入-加强版\销售记录录入-加强版.vcxproj", "{7889A5AF-D55B-4D8E-BDC4-B97C3D4BFAE3}"
EndProject
Project("{8BC9CEB8-8B4A-11D0-8D11-00A0C91BC942}") = "程序补全1", "程序补全1\程序补全1.vcxproj", "{21BD7AD0-B221-4971-98C9-A6960A70D7FC}"
EndProject
Project("{8BC9CEB8-8B4A-11D0-8D11-00A0C91BC942}") = "程序补全2", "程序补全2\程序补全2.vcxproj", "{0D117982-F26C-42DD-B2EE-88749097F4E2}"
EndProject
Project("{8BC9CEB8-8B4A-11D0-8D11-00A0C91BC942}") = "程序补全3", "程序补全3\程序补全3.vcxproj", "{3647B417-1C4F-4ABA-A1B5-C41500D1ED1F}"
EndProject
Project("{8BC9CEB8-8B4A-11D0-8D11-00A0C91BC942}") = "程序补全4", "程序补全4\程序补全4.vcxproj", "{36A9E126-00E0-4EFB-843F-009E7C4C277C}"
EndProject
Project("{8BC9CEB8-8B4A-11D0-8D11-00A0C91BC942}") = "程序补全5", "程序补全5\程序补全5.vcxproj", "{853754DE-C348-4669-A776-CAD560F47082}"
EndProject
Project("{8BC9CEB8-8B4A-11D0-8D11-00A0C91BC942}") = "程序补全6", "程序补全6\程序补全6.vcxproj", "{E96156AF-8FDF-4D09-A2A5-467A0E456AC4}"
EndProject
Project("{8BC9CEB8-8B4A-11D0-8D11-00A0C91BC942}") = "日期显示-终极版", "日期显示-终极版\日期显示-终极版.vcxproj", "{45CAD2EA-FAF8-4AFC-8DA6-C1C7D0F0569E}"
EndProject
Project("{8BC9CEB8-8B4A-11D0-8D11-00A0C91BC942}") = "销售记录录入-终极版", "销售记录录入-终极版\销售记录录入-终极版.vcxproj", "{84D769B5-E796-46F0-8DA4-7432E18ACF75}"
EndProject
Project("{8BC9CEB8-8B4A-11D0-8D11-00A0C91BC942}") = "图像压缩", "图像压缩\图像压缩.vcxproj", "{2DC6A328-3113-444F-9B68-5A89537B5F99}"
EndProject
Project("{8BC9CEB8-8B4A-11D0-8D11-00A0C91BC942}") = "抽象基类Shape的派生", "抽象基类Shape的派生\抽象基类Shape的派生.vcxproj", "{DD8574B9-3968-4C4F-ACD7-C538620CBD5F}"
EndProject
Project("{8BC9CEB8-8B4A-11D0-8D11-00A0C91BC942}") = "矩形法求定积分的通用函数", "矩形法求定积分的通用函数\矩形法求定积分的通用函数.vcxproj", "{2AB907AC-F6CA-44BB-86F6-246A419563A6}"
EndProject
Project("{8BC9CEB8-8B4A-11D0-8D11-00A0C91BC942}") = "图像转ASCII小程序", "图像转ASCII小程序\图像转ASCII小程序.vcxproj", "{A0548024-238F-4D60-8C3B-E39041378105}"
EndProject
Global
	GlobalSection(SolutionConfigurationPlatforms) = preSolution
		Debug|x64 = Debug|x64
		Debug|x86 = Debug|x86
		Release|x64 = Release|x64
		Release|x86 = Release|x86
	EndGlobalSection
	GlobalSection(ProjectConfigurationPlatforms) = postSolution
		{FF778334-CEB7-4305-8510-FE397156641C}.Debug|x64.ActiveCfg = Debug|x64
		{FF778334-CEB7-4305-8510-FE397156641C}.Debug|x64.Build.0 = Debug|x64
		{FF778334-CEB7-4305-8510-FE397156641C}.Debug|x86.ActiveCfg = Debug|Win32
		{FF778334-CEB7-4305-8510-FE397156641C}.Debug|x86.Build.0 = Debug|Win32
		{FF778334-CEB7-4305-8510-FE397156641C}.Release|x64.ActiveCfg = Release|x64
		{FF778334-CEB7-4305-8510-FE397156641C}.Release|x64.Build.0 = Release|x64
		{FF778334-CEB7-4305-8510-FE397156641C}.Release|x86.ActiveCfg = Release|Win32
		{FF778334-CEB7-4305-8510-FE397156641C}.Release|x86.Build.0 = Release|Win32
		{F15E0B8E-6C2C-4621-9885-9D5AABE47257}.Debug|x64.ActiveCfg = Debug|x64
		{F15E0B8E-6C2C-4621-9885-9D5AABE47257}.Debug|x64.Build.0 = Debug|x64
		{F15E0B8E-6C2C-4621-9885-9D5AABE47257}.Debug|x86.ActiveCfg = Debug|Win32
		{F15E0B8E-6C2C-4621-9885-9D5AABE47257}.Debug|x86.Build.0 = Debug|Win32
		{F15E0B8E-6C2C-4621-9885-9D5AABE47257}.Release|x64.ActiveCfg = Release|x64
		{F15E0B8E-6C2C-4621-9885-9D5AABE47257}.Release|x64.Build.0 = Release|x64
		{F15E0B8E-6C2C-4621-9885-9D5AABE47257}.Release|x86.ActiveCfg = Release|Win32
		{F15E0B8E-6C2C-4621-9885-9D5AABE47257}.Release|x86.Build.0 = Release|Win32
		{86144CE7-B129-41B7-A0B1-8F9BF2565FE0}.Debug|x64.ActiveCfg = Debug|x64
		{86144CE7-B129-41B7-A0B1-8F9BF2565FE0}.Debug|x64.Build.0 = Debug|x64
		{86144CE7-B129-41B7-A0B1-8F9BF2565FE0}.Debug|x86.ActiveCfg = Debug|Win32
		{86144CE7-B129-41B7-A0B1-8F9BF2565FE0}.Debug|x86.Build.0 = Debug|Win32
		{86144CE7-B129-41B7-A0B1-8F9BF2565FE0}.Release|x64.ActiveCfg = Release|x64
		{86144CE7-B129-41B7-A0B1-8F9BF2565FE0}.Release|x64.Build.0 = Release|x64
		{86144CE7-B129-41B7-A0B1-8F9BF2565FE0}.Release|x86.ActiveCfg = Release|Win32
		{86144CE7-B129-41B7-A0B1-8F9BF2565FE0}.Release|x86.Build.0 = Release|Win32
		{1E81C494-7602-46A2-A327-3F95D40136DD}.Debug|x64.ActiveCfg = Debug|x64
		{1E81C494-7602-46A2-A327-3F95D40136DD}.Debug|x64.Build.0 = Debug|x64
		{1E81C494-7602-46A2-A327-3F95D40136DD}.Debug|x86.ActiveCfg = Debug|Win32
		{1E81C494-7602-46A2-A327-3F95D40136DD}.Debug|x86.Build.0 = Debug|Win32
		{1E81C494-7602-46A2-A327-3F95D40136DD}.Release|x64.ActiveCfg = Release|x64
		{1E81C494-7602-46A2-A327-3F95D40136DD}.Release|x64.Build.0 = Release|x64
		{1E81C494-7602-46A2-A327-3F95D40136DD}.Release|x86.ActiveCfg = Release|Win32
		{1E81C494-7602-46A2-A327-3F95D40136DD}.Release|x86.Build.0 = Release|Win32
		{6C30420F-2FB7-4B28-B673-F8EFDC6B69F4}.Debug|x64.ActiveCfg = Debug|x64
		{6C30420F-2FB7-4B28-B673-F8EFDC6B69F4}.Debug|x64.Build.0 = Debug|x64
		{6C30420F-2FB7-4B28-B673-F8EFDC6B69F4}.Debug|x86.ActiveCfg = Debug|Win32
		{6C30420F-2FB7-4B28-B673-F8EFDC6B69F4}.Debug|x86.Build.0 = Debug|Win32
		{6C30420F-2FB7-4B28-B673-F8EFDC6B69F4}.Release|x64.ActiveCfg = Release|x64
		{6C30420F-2FB7-4B28-B673-F8EFDC6B69F4}.Release|x64.Build.0 = Release|x64
		{6C30420F-2FB7-4B28-B673-F8EFDC6B69F4}.Release|x86.ActiveCfg = Release|Win32
		{6C30420F-2FB7-4B28-B673-F8EFDC6B69F4}.Release|x86.Build.0 = Release|Win32
		{371042EF-A109-4E70-BE41-B871B7A7DE73}.Debug|x64.ActiveCfg = Debug|x64
		{371042EF-A109-4E70-BE41-B871B7A7DE73}.Debug|x64.Build.0 = Debug|x64
		{371042EF-A109-4E70-BE41-B871B7A7DE73}.Debug|x86.ActiveCfg = Debug|Win32
		{371042EF-A109-4E70-BE41-B871B7A7DE73}.Debug|x86.Build.0 = Debug|Win32
		{371042EF-A109-4E70-BE41-B871B7A7DE73}.Release|x64.ActiveCfg = Release|x64
		{371042EF-A109-4E70-BE41-B871B7A7DE73}.Release|x64.Build.0 = Release|x64
		{371042EF-A109-4E70-BE41-B871B7A7DE73}.Release|x86.ActiveCfg = Release|Win32
		{371042EF-A109-4E70-BE41-B871B7A7DE73}.Release|x86.Build.0 = Release|Win32
		{3173E122-50C0-439C-9BF6-09752F31FBB3}.Debug|x64.ActiveCfg = Debug|x64
		{3173E122-50C0-439C-9BF6-09752F31FBB3}.Debug|x64.Build.0 = Debug|x64
		{3173E122-50C0-439C-9BF6-09752F31FBB3}.Debug|x86.ActiveCfg = Debug|Win32
		{3173E122-50C0-439C-9BF6-09752F31FBB3}.Debug|x86.Build.0 = Debug|Win32
		{3173E122-50C0-439C-9BF6-09752F31FBB3}.Release|x64.ActiveCfg = Release|x64
		{3173E122-50C0-439C-9BF6-09752F31FBB3}.Release|x64.Build.0 = Release|x64
		{3173E122-50C0-439C-9BF6-09752F31FBB3}.Release|x86.ActiveCfg = Release|Win32
		{3173E122-50C0-439C-9BF6-09752F31FBB3}.Release|x86.Build.0 = Release|Win32
		{F63ED32F-9EA3-4D49-80FA-4B790C8F83B9}.Debug|x64.ActiveCfg = Debug|x64
		{F63ED32F-9EA3-4D49-80FA-4B790C8F83B9}.Debug|x64.Build.0 = Debug|x64
		{F63ED32F-9EA3-4D49-80FA-4B790C8F83B9}.Debug|x86.ActiveCfg = Debug|Win32
		{F63ED32F-9EA3-4D49-80FA-4B790C8F83B9}.Debug|x86.Build.0 = Debug|Win32
		{F63ED32F-9EA3-4D49-80FA-4B790C8F83B9}.Release|x64.ActiveCfg = Release|x64
		{F63ED32F-9EA3-4D49-80FA-4B790C8F83B9}.Release|x64.Build.0 = Release|x64
		{F63ED32F-9EA3-4D49-80FA-4B790C8F83B9}.Release|x86.ActiveCfg = Release|Win32
		{F63ED32F-9EA3-4D49-80FA-4B790C8F83B9}.Release|x86.Build.0 = Release|Win32
		{FBE3D793-D93D-44E9-BE46-CD4113732866}.Debug|x64.ActiveCfg = Debug|x64
		{FBE3D793-D93D-44E9-BE46-CD4113732866}.Debug|x64.Build.0 = Debug|x64
		{FBE3D793-D93D-44E9-BE46-CD4113732866}.Debug|x86.ActiveCfg = Debug|Win32
		{FBE3D793-D93D-44E9-BE46-CD4113732866}.Debug|x86.Build.0 = Debug|Win32
		{FBE3D793-D93D-44E9-BE46-CD4113732866}.Release|x64.ActiveCfg = Release|x64
		{FBE3D793-D93D-44E9-BE46-CD4113732866}.Release|x64.Build.0 = Release|x64
		{FBE3D793-D93D-44E9-BE46-CD4113732866}.Release|x86.ActiveCfg = Release|Win32
		{FBE3D793-D93D-44E9-BE46-CD4113732866}.Release|x86.Build.0 = Release|Win32
		{6C77734C-350E-4018-8BA6-C4EB880B13F8}.Debug|x64.ActiveCfg = Debug|x64
		{6C77734C-350E-4018-8BA6-C4EB880B13F8}.Debug|x64.Build.0 = Debug|x64
		{6C77734C-350E-4018-8BA6-C4EB880B13F8}.Debug|x86.ActiveCfg = Debug|Win32
		{6C77734C-350E-4018-8BA6-C4EB880B13F8}.Debug|x86.Build.0 = Debug|Win32
		{6C77734C-350E-4018-8BA6-C4EB880B13F8}.Release|x64.ActiveCfg = Release|x64
		{6C77734C-350E-4018-8BA6-C4EB880B13F8}.Release|x64.Build.0 = Release|x64
		{6C77734C-350E-4018-8BA6-C4EB880B13F8}.Release|x86.ActiveCfg = Release|Win32
		{6C77734C-350E-4018-8BA6-C4EB880B13F8}.Release|x86.Build.0 = Release|Win32
		{6C94D8FC-12FC-435A-ACFB-37371262926F}.Debug|x64.ActiveCfg = Debug|x64
		{6C94D8FC-12FC-435A-ACFB-37371262926F}.Debug|x64.Build.0 = Debug|x64
		{6C94D8FC-12FC-435A-ACFB-37371262926F}.Debug|x86.ActiveCfg = Debug|Win32
		{6C94D8FC-12FC-435A-ACFB-37371262926F}.Debug|x86.Build.0 = Debug|Win32
		{6C94D8FC-12FC-435A-ACFB-37371262926F}.Release|x64.ActiveCfg = Release|x64
		{6C94D8FC-12FC-435A-ACFB-37371262926F}.Release|x64.Build.0 = Release|x64
		{6C94D8FC-12FC-435A-ACFB-37371262926F}.Release|x86.ActiveCfg = Release|Win32
		{6C94D8FC-12FC-435A-ACFB-37371262926F}.Release|x86.Build.0 = Release|Win32
		{E534B462-ACA7-43A6-BEE1-E509C46ECC9B}.Debug|x64.ActiveCfg = Debug|x64
		{E534B462-ACA7-43A6-BEE1-E509C46ECC9B}.Debug|x64.Build.0 = Debug|x64
		{E534B462-ACA7-43A6-BEE1-E509C46ECC9B}.Debug|x86.ActiveCfg = Debug|Win32
		{E534B462-ACA7-43A6-BEE1-E509C46ECC9B}.Debug|x86.Build.0 = Debug|Win32
		{E534B462-ACA7-43A6-BEE1-E509C46ECC9B}.Release|x64.ActiveCfg = Release|x64
		{E534B462-ACA7-43A6-BEE1-E509C46ECC9B}.Release|x64.Build.0 = Release|x64
		{E534B462-ACA7-43A6-BEE1-E509C46ECC9B}.Release|x86.ActiveCfg = Release|Win32
		{E534B462-ACA7-43A6-BEE1-E509C46ECC9B}.Release|x86.Build.0 = Release|Win32
		{195C4B78-F1EF-4001-8255-A254B15532D5}.Debug|x64.ActiveCfg = Debug|x64
		{195C4B78-F1EF-4001-8255-A254B15532D5}.Debug|x64.Build.0 = Debug|x64
		{195C4B78-F1EF-4001-8255-A254B15532D5}.Debug|x86.ActiveCfg = Debug|Win32
		{195C4B78-F1EF-4001-8255-A254B15532D5}.Debug|x86.Build.0 = Debug|Win32
		{195C4B78-F1EF-4001-8255-A254B15532D5}.Release|x64.ActiveCfg = Release|x64
		{195C4B78-F1EF-4001-8255-A254B15532D5}.Release|x64.Build.0 = Release|x64
		{195C4B78-F1EF-4001-8255-A254B15532D5}.Release|x86.ActiveCfg = Release|Win32
		{195C4B78-F1EF-4001-8255-A254B15532D5}.Release|x86.Build.0 = Release|Win32
		{7A784B8E-1B0F-409E-AECA-7B54486014E1}.Debug|x64.ActiveCfg = Debug|x64
		{7A784B8E-1B0F-409E-AECA-7B54486014E1}.Debug|x64.Build.0 = Debug|x64
		{7A784B8E-1B0F-409E-AECA-7B54486014E1}.Debug|x86.ActiveCfg = Debug|Win32
		{7A784B8E-1B0F-409E-AECA-7B54486014E1}.Debug|x86.Build.0 = Debug|Win32
		{7A784B8E-1B0F-409E-AECA-7B54486014E1}.Release|x64.ActiveCfg = Release|x64
		{7A784B8E-1B0F-409E-AECA-7B54486014E1}.Release|x64.Build.0 = Release|x64
		{7A784B8E-1B0F-409E-AECA-7B54486014E1}.Release|x86.ActiveCfg = Release|Win32
		{7A784B8E-1B0F-409E-AECA-7B54486014E1}.Release|x86.Build.0 = Release|Win32
		{5622EC40-05BE-49AC-9519-D6D973A8B57A}.Debug|x64.ActiveCfg = Debug|x64
		{5622EC40-05BE-49AC-9519-D6D973A8B57A}.Debug|x64.Build.0 = Debug|x64
		{5622EC40-05BE-49AC-9519-D6D973A8B57A}.Debug|x86.ActiveCfg = Debug|Win32
		{5622EC40-05BE-49AC-9519-D6D973A8B57A}.Debug|x86.Build.0 = Debug|Win32
		{5622EC40-05BE-49AC-9519-D6D973A8B57A}.Release|x64.ActiveCfg = Release|x64
		{5622EC40-05BE-49AC-9519-D6D973A8B57A}.Release|x64.Build.0 = Release|x64
		{5622EC40-05BE-49AC-9519-D6D973A8B57A}.Release|x86.ActiveCfg = Release|Win32
		{5622EC40-05BE-49AC-9519-D6D973A8B57A}.Release|x86.Build.0 = Release|Win32
		{B4755978-D99B-40B4-B8C9-8D3F79B7C443}.Debug|x64.ActiveCfg = Debug|x64
		{B4755978-D99B-40B4-B8C9-8D3F79B7C443}.Debug|x64.Build.0 = Debug|x64
		{B4755978-D99B-40B4-B8C9-8D3F79B7C443}.Debug|x86.ActiveCfg = Debug|Win32
		{B4755978-D99B-40B4-B8C9-8D3F79B7C443}.Debug|x86.Build.0 = Debug|Win32
		{B4755978-D99B-40B4-B8C9-8D3F79B7C443}.Release|x64.ActiveCfg = Release|x64
		{B4755978-D99B-40B4-B8C9-8D3F79B7C443}.Release|x64.Build.0 = Release|x64
		{B4755978-D99B-40B4-B8C9-8D3F79B7C443}.Release|x86.ActiveCfg = Release|Win32
		{B4755978-D99B-40B4-B8C9-8D3F79B7C443}.Release|x86.Build.0 = Release|Win32
		{08D2693B-042F-4075-AC8B-EDB15111B91F}.Debug|x64.ActiveCfg = Debug|x64
		{08D2693B-042F-4075-AC8B-EDB15111B91F}.Debug|x64.Build.0 = Debug|x64
		{08D2693B-042F-4075-AC8B-EDB15111B91F}.Debug|x86.ActiveCfg = Debug|Win32
		{08D2693B-042F-4075-AC8B-EDB15111B91F}.Debug|x86.Build.0 = Debug|Win32
		{08D2693B-042F-4075-AC8B-EDB15111B91F}.Release|x64.ActiveCfg = Release|x64
		{08D2693B-042F-4075-AC8B-EDB15111B91F}.Release|x64.Build.0 = Release|x64
		{08D2693B-042F-4075-AC8B-EDB15111B91F}.Release|x86.ActiveCfg = Release|Win32
		{08D2693B-042F-4075-AC8B-EDB15111B91F}.Release|x86.Build.0 = Release|Win32
		{75E0FE82-8EB7-426B-BEC8-CE99EEF82D63}.Debug|x64.ActiveCfg = Debug|x64
		{75E0FE82-8EB7-426B-BEC8-CE99EEF82D63}.Debug|x64.Build.0 = Debug|x64
		{75E0FE82-8EB7-426B-BEC8-CE99EEF82D63}.Debug|x86.ActiveCfg = Debug|Win32
		{75E0FE82-8EB7-426B-BEC8-CE99EEF82D63}.Debug|x86.Build.0 = Debug|Win32
		{75E0FE82-8EB7-426B-BEC8-CE99EEF82D63}.Release|x64.ActiveCfg = Release|x64
		{75E0FE82-8EB7-426B-BEC8-CE99EEF82D63}.Release|x64.Build.0 = Release|x64
		{75E0FE82-8EB7-426B-BEC8-CE99EEF82D63}.Release|x86.ActiveCfg = Release|Win32
		{75E0FE82-8EB7-426B-BEC8-CE99EEF82D63}.Release|x86.Build.0 = Release|Win32
		{B56E96E0-AF8F-4874-8C56-DA70B2E07065}.Debug|x64.ActiveCfg = Debug|x64
		{B56E96E0-AF8F-4874-8C56-DA70B2E07065}.Debug|x64.Build.0 = Debug|x64
		{B56E96E0-AF8F-4874-8C56-DA70B2E07065}.Debug|x86.ActiveCfg = Debug|Win32
		{B56E96E0-AF8F-4874-8C56-DA70B2E07065}.Debug|x86.Build.0 = Debug|Win32
		{B56E96E0-AF8F-4874-8C56-DA70B2E07065}.Release|x64.ActiveCfg = Release|x64
		{B56E96E0-AF8F-4874-8C56-DA70B2E07065}.Release|x64.Build.0 = Release|x64
		{B56E96E0-AF8F-4874-8C56-DA70B2E07065}.Release|x86.ActiveCfg = Release|Win32
		{B56E96E0-AF8F-4874-8C56-DA70B2E07065}.Release|x86.Build.0 = Release|Win32
		{83C40D32-40A0-468E-8B06-FE66DFBA0EAB}.Debug|x64.ActiveCfg = Debug|x64
		{83C40D32-40A0-468E-8B06-FE66DFBA0EAB}.Debug|x64.Build.0 = Debug|x64
		{83C40D32-40A0-468E-8B06-FE66DFBA0EAB}.Debug|x86.ActiveCfg = Debug|Win32
		{83C40D32-40A0-468E-8B06-FE66DFBA0EAB}.Debug|x86.Build.0 = Debug|Win32
		{83C40D32-40A0-468E-8B06-FE66DFBA0EAB}.Release|x64.ActiveCfg = Release|x64
		{83C40D32-40A0-468E-8B06-FE66DFBA0EAB}.Release|x64.Build.0 = Release|x64
		{83C40D32-40A0-468E-8B06-FE66DFBA0EAB}.Release|x86.ActiveCfg = Release|Win32
		{83C40D32-40A0-468E-8B06-FE66DFBA0EAB}.Release|x86.Build.0 = Release|Win32
		{E19A2D13-292F-4C2F-B790-76B2063ACD36}.Debug|x64.ActiveCfg = Debug|x64
		{E19A2D13-292F-4C2F-B790-76B2063ACD36}.Debug|x64.Build.0 = Debug|x64
		{E19A2D13-292F-4C2F-B790-76B2063ACD36}.Debug|x86.ActiveCfg = Debug|Win32
		{E19A2D13-292F-4C2F-B790-76B2063ACD36}.Debug|x86.Build.0 = Debug|Win32
		{E19A2D13-292F-4C2F-B790-76B2063ACD36}.Release|x64.ActiveCfg = Release|x64
		{E19A2D13-292F-4C2F-B790-76B2063ACD36}.Release|x64.Build.0 = Release|x64
		{E19A2D13-292F-4C2F-B790-76B2063ACD36}.Release|x86.ActiveCfg = Release|Win32
		{E19A2D13-292F-4C2F-B790-76B2063ACD36}.Release|x86.Build.0 = Release|Win32
		{EA221D5F-9ECF-4EDE-930A-D5F1AA86E42E}.Debug|x64.ActiveCfg = Debug|x64
		{EA221D5F-9ECF-4EDE-930A-D5F1AA86E42E}.Debug|x64.Build.0 = Debug|x64
		{EA221D5F-9ECF-4EDE-930A-D5F1AA86E42E}.Debug|x86.ActiveCfg = Debug|Win32
		{EA221D5F-9ECF-4EDE-930A-D5F1AA86E42E}.Debug|x86.Build.0 = Debug|Win32
		{EA221D5F-9ECF-4EDE-930A-D5F1AA86E42E}.Release|x64.ActiveCfg = Release|x64
		{EA221D5F-9ECF-4EDE-930A-D5F1AA86E42E}.Release|x64.Build.0 = Release|x64
		{EA221D5F-9ECF-4EDE-930A-D5F1AA86E42E}.Release|x86.ActiveCfg = Release|Win32
		{EA221D5F-9ECF-4EDE-930A-D5F1AA86E42E}.Release|x86.Build.0 = Release|Win32
		{86FE8A80-5423-4616-8CAD-70D0EB74CD5E}.Debug|x64.ActiveCfg = Debug|x64
		{86FE8A80-5423-4616-8CAD-70D0EB74CD5E}.Debug|x64.Build.0 = Debug|x64
		{86FE8A80-5423-4616-8CAD-70D0EB74CD5E}.Debug|x86.ActiveCfg = Debug|Win32
		{86FE8A80-5423-4616-8CAD-70D0EB74CD5E}.Debug|x86.Build.0 = Debug|Win32
		{86FE8A80-5423-4616-8CAD-70D0EB74CD5E}.Release|x64.ActiveCfg = Release|x64
		{86FE8A80-5423-4616-8CAD-70D0EB74CD5E}.Release|x64.Build.0 = Release|x64
		{86FE8A80-5423-4616-8CAD-70D0EB74CD5E}.Release|x86.ActiveCfg = Release|Win32
		{86FE8A80-5423-4616-8CAD-70D0EB74CD5E}.Release|x86.Build.0 = Release|Win32
		{4AD758D8-FC13-422B-A3BA-2CE733750993}.Debug|x64.ActiveCfg = Debug|x64
		{4AD758D8-FC13-422B-A3BA-2CE733750993}.Debug|x64.Build.0 = Debug|x64
		{4AD758D8-FC13-422B-A3BA-2CE733750993}.Debug|x86.ActiveCfg = Debug|Win32
		{4AD758D8-FC13-422B-A3BA-2CE733750993}.Debug|x86.Build.0 = Debug|Win32
		{4AD758D8-FC13-422B-A3BA-2CE733750993}.Release|x64.ActiveCfg = Release|x64
		{4AD758D8-FC13-422B-A3BA-2CE733750993}.Release|x64.Build.0 = Release|x64
		{4AD758D8-FC13-422B-A3BA-2CE733750993}.Release|x86.ActiveCfg = Release|Win32
		{4AD758D8-FC13-422B-A3BA-2CE733750993}.Release|x86.Build.0 = Release|Win32
		{BB449F23-BB98-4A49-9ABA-61968969B624}.Debug|x64.ActiveCfg = Debug|x64
		{BB449F23-BB98-4A49-9ABA-61968969B624}.Debug|x64.Build.0 = Debug|x64
		{BB449F23-BB98-4A49-9ABA-61968969B624}.Debug|x86.ActiveCfg = Debug|Win32
		{BB449F23-BB98-4A49-9ABA-61968969B624}.Debug|x86.Build.0 = Debug|Win32
		{BB449F23-BB98-4A49-9ABA-61968969B624}.Release|x64.ActiveCfg = Release|x64
		{BB449F23-BB98-4A49-9ABA-61968969B624}.Release|x64.Build.0 = Release|x64
		{BB449F23-BB98-4A49-9ABA-61968969B624}.Release|x86.ActiveCfg = Release|Win32
		{BB449F23-BB98-4A49-9ABA-61968969B624}.Release|x86.Build.0 = Release|Win32
		{08246D01-3E88-4DCB-A3A6-C9988CEBA658}.Debug|x64.ActiveCfg = Debug|x64
		{08246D01-3E88-4DCB-A3A6-C9988CEBA658}.Debug|x64.Build.0 = Debug|x64
		{08246D01-3E88-4DCB-A3A6-C9988CEBA658}.Debug|x86.ActiveCfg = Debug|Win32
		{08246D01-3E88-4DCB-A3A6-C9988CEBA658}.Debug|x86.Build.0 = Debug|Win32
		{08246D01-3E88-4DCB-A3A6-C9988CEBA658}.Release|x64.ActiveCfg = Release|x64
		{08246D01-3E88-4DCB-A3A6-C9988CEBA658}.Release|x64.Build.0 = Release|x64
		{08246D01-3E88-4DCB-A3A6-C9988CEBA658}.Release|x86.ActiveCfg = Release|Win32
		{08246D01-3E88-4DCB-A3A6-C9988CEBA658}.Release|x86.Build.0 = Release|Win32
		{2D4E25DA-23A4-4749-BB27-DD5D81406B04}.Debug|x64.ActiveCfg = Debug|x64
		{2D4E25DA-23A4-4749-BB27-DD5D81406B04}.Debug|x64.Build.0 = Debug|x64
		{2D4E25DA-23A4-4749-BB27-DD5D81406B04}.Debug|x86.ActiveCfg = Debug|Win32
		{2D4E25DA-23A4-4749-BB27-DD5D81406B04}.Debug|x86.Build.0 = Debug|Win32
		{2D4E25DA-23A4-4749-BB27-DD5D81406B04}.Release|x64.ActiveCfg = Release|x64
		{2D4E25DA-23A4-4749-BB27-DD5D81406B04}.Release|x64.Build.0 = Release|x64
		{2D4E25DA-23A4-4749-BB27-DD5D81406B04}.Release|x86.ActiveCfg = Release|Win32
		{2D4E25DA-23A4-4749-BB27-DD5D81406B04}.Release|x86.Build.0 = Release|Win32
		{16EFAFA5-DE81-447A-8CCE-551BA9085C6E}.Debug|x64.ActiveCfg = Debug|x64
		{16EFAFA5-DE81-447A-8CCE-551BA9085C6E}.Debug|x64.Build.0 = Debug|x64
		{16EFAFA5-DE81-447A-8CCE-551BA9085C6E}.Debug|x86.ActiveCfg = Debug|Win32
		{16EFAFA5-DE81-447A-8CCE-551BA9085C6E}.Debug|x86.Build.0 = Debug|Win32
		{16EFAFA5-DE81-447A-8CCE-551BA9085C6E}.Release|x64.ActiveCfg = Release|x64
		{16EFAFA5-DE81-447A-8CCE-551BA9085C6E}.Release|x64.Build.0 = Release|x64
		{16EFAFA5-DE81-447A-8CCE-551BA9085C6E}.Release|x86.ActiveCfg = Release|Win32
		{16EFAFA5-DE81-447A-8CCE-551BA9085C6E}.Release|x86.Build.0 = Release|Win32
		{4C27E8D3-B0AB-4707-BD94-CE752D5BBDD3}.Debug|x64.ActiveCfg = Debug|x64
		{4C27E8D3-B0AB-4707-BD94-CE752D5BBDD3}.Debug|x64.Build.0 = Debug|x64
		{4C27E8D3-B0AB-4707-BD94-CE752D5BBDD3}.Debug|x86.ActiveCfg = Debug|Win32
		{4C27E8D3-B0AB-4707-BD94-CE752D5BBDD3}.Debug|x86.Build.0 = Debug|Win32
		{4C27E8D3-B0AB-4707-BD94-CE752D5BBDD3}.Release|x64.ActiveCfg = Release|x64
		{4C27E8D3-B0AB-4707-BD94-CE752D5BBDD3}.Release|x64.Build.0 = Release|x64
		{4C27E8D3-B0AB-4707-BD94-CE752D5BBDD3}.Release|x86.ActiveCfg = Release|Win32
		{4C27E8D3-B0AB-4707-BD94-CE752D5BBDD3}.Release|x86.Build.0 = Release|Win32
		{387B8495-418D-4236-B270-940797CE81C6}.Debug|x64.ActiveCfg = Debug|x64
		{387B8495-418D-4236-B270-940797CE81C6}.Debug|x64.Build.0 = Debug|x64
		{387B8495-418D-4236-B270-940797CE81C6}.Debug|x86.ActiveCfg = Debug|Win32
		{387B8495-418D-4236-B270-940797CE81C6}.Debug|x86.Build.0 = Debug|Win32
		{387B8495-418D-4236-B270-940797CE81C6}.Release|x64.ActiveCfg = Release|x64
		{387B8495-418D-4236-B270-940797CE81C6}.Release|x64.Build.0 = Release|x64
		{387B8495-418D-4236-B270-940797CE81C6}.Release|x86.ActiveCfg = Release|Win32
		{387B8495-418D-4236-B270-940797CE81C6}.Release|x86.Build.0 = Release|Win32
		{87C02CFC-7DD9-4000-B7E0-41AC44A427DF}.Debug|x64.ActiveCfg = Debug|x64
		{87C02CFC-7DD9-4000-B7E0-41AC44A427DF}.Debug|x64.Build.0 = Debug|x64
		{87C02CFC-7DD9-4000-B7E0-41AC44A427DF}.Debug|x86.ActiveCfg = Debug|Win32
		{87C02CFC-7DD9-4000-B7E0-41AC44A427DF}.Debug|x86.Build.0 = Debug|Win32
		{87C02CFC-7DD9-4000-B7E0-41AC44A427DF}.Release|x64.ActiveCfg = Release|x64
		{87C02CFC-7DD9-4000-B7E0-41AC44A427DF}.Release|x64.Build.0 = Release|x64
		{87C02CFC-7DD9-4000-B7E0-41AC44A427DF}.Release|x86.ActiveCfg = Release|Win32
		{87C02CFC-7DD9-4000-B7E0-41AC44A427DF}.Release|x86.Build.0 = Release|Win32
		{6BB66030-BB6C-4A9C-BEA7-1F16B5FDF652}.Debug|x64.ActiveCfg = Debug|x64
		{6BB66030-BB6C-4A9C-BEA7-1F16B5FDF652}.Debug|x64.Build.0 = Debug|x64
		{6BB66030-BB6C-4A9C-BEA7-1F16B5FDF652}.Debug|x86.ActiveCfg = Debug|Win32
		{6BB66030-BB6C-4A9C-BEA7-1F16B5FDF652}.Debug|x86.Build.0 = Debug|Win32
		{6BB66030-BB6C-4A9C-BEA7-1F16B5FDF652}.Release|x64.ActiveCfg = Release|x64
		{6BB66030-BB6C-4A9C-BEA7-1F16B5FDF652}.Release|x64.Build.0 = Release|x64
		{6BB66030-BB6C-4A9C-BEA7-1F16B5FDF652}.Release|x86.ActiveCfg = Release|Win32
		{6BB66030-BB6C-4A9C-BEA7-1F16B5FDF652}.Release|x86.Build.0 = Release|Win32
		{10086C38-AC28-4E56-81EB-FD4C076F2045}.Debug|x64.ActiveCfg = Debug|x64
		{10086C38-AC28-4E56-81EB-FD4C076F2045}.Debug|x64.Build.0 = Debug|x64
		{10086C38-AC28-4E56-81EB-FD4C076F2045}.Debug|x86.ActiveCfg = Debug|Win32
		{10086C38-AC28-4E56-81EB-FD4C076F2045}.Debug|x86.Build.0 = Debug|Win32
		{10086C38-AC28-4E56-81EB-FD4C076F2045}.Release|x64.ActiveCfg = Release|x64
		{10086C38-AC28-4E56-81EB-FD4C076F2045}.Release|x64.Build.0 = Release|x64
		{10086C38-AC28-4E56-81EB-FD4C076F2045}.Release|x86.ActiveCfg = Release|Win32
		{10086C38-AC28-4E56-81EB-FD4C076F2045}.Release|x86.Build.0 = Release|Win32
		{D0AF7936-8711-4273-A086-74447352F32A}.Debug|x64.ActiveCfg = Debug|x64
		{D0AF7936-8711-4273-A086-74447352F32A}.Debug|x64.Build.0 = Debug|x64
		{D0AF7936-8711-4273-A086-74447352F32A}.Debug|x86.ActiveCfg = Debug|Win32
		{D0AF7936-8711-4273-A086-74447352F32A}.Debug|x86.Build.0 = Debug|Win32
		{D0AF7936-8711-4273-A086-74447352F32A}.Release|x64.ActiveCfg = Release|x64
		{D0AF7936-8711-4273-A086-74447352F32A}.Release|x64.Build.0 = Release|x64
		{D0AF7936-8711-4273-A086-74447352F32A}.Release|x86.ActiveCfg = Release|Win32
		{D0AF7936-8711-4273-A086-74447352F32A}.Release|x86.Build.0 = Release|Win32
		{19107AF2-C789-4AE5-9848-16D6B026B092}.Debug|x64.ActiveCfg = Debug|x64
		{19107AF2-C789-4AE5-9848-16D6B026B092}.Debug|x64.Build.0 = Debug|x64
		{19107AF2-C789-4AE5-9848-16D6B026B092}.Debug|x86.ActiveCfg = Debug|Win32
		{19107AF2-C789-4AE5-9848-16D6B026B092}.Debug|x86.Build.0 = Debug|Win32
		{19107AF2-C789-4AE5-9848-16D6B026B092}.Release|x64.ActiveCfg = Release|x64
		{19107AF2-C789-4AE5-9848-16D6B026B092}.Release|x64.Build.0 = Release|x64
		{19107AF2-C789-4AE5-9848-16D6B026B092}.Release|x86.ActiveCfg = Release|Win32
		{19107AF2-C789-4AE5-9848-16D6B026B092}.Release|x86.Build.0 = Release|Win32
		{FBD0FA99-7F8A-46DE-BA60-B65545A275A5}.Debug|x64.ActiveCfg = Debug|x64
		{FBD0FA99-7F8A-46DE-BA60-B65545A275A5}.Debug|x64.Build.0 = Debug|x64
		{FBD0FA99-7F8A-46DE-BA60-B65545A275A5}.Debug|x86.ActiveCfg = Debug|Win32
		{FBD0FA99-7F8A-46DE-BA60-B65545A275A5}.Debug|x86.Build.0 = Debug|Win32
		{FBD0FA99-7F8A-46DE-BA60-B65545A275A5}.Release|x64.ActiveCfg = Release|x64
		{FBD0FA99-7F8A-46DE-BA60-B65545A275A5}.Release|x64.Build.0 = Release|x64
		{FBD0FA99-7F8A-46DE-BA60-B65545A275A5}.Release|x86.ActiveCfg = Release|Win32
		{FBD0FA99-7F8A-46DE-BA60-B65545A275A5}.Release|x86.Build.0 = Release|Win32
		{15E3AAB0-3194-4B0A-880C-F526D8A09ADF}.Debug|x64.ActiveCfg = Debug|x64
		{15E3AAB0-3194-4B0A-880C-F526D8A09ADF}.Debug|x64.Build.0 = Debug|x64
		{15E3AAB0-3194-4B0A-880C-F526D8A09ADF}.Debug|x86.ActiveCfg = Debug|Win32
		{15E3AAB0-3194-4B0A-880C-F526D8A09ADF}.Debug|x86.Build.0 = Debug|Win32
		{15E3AAB0-3194-4B0A-880C-F526D8A09ADF}.Release|x64.ActiveCfg = Release|x64
		{15E3AAB0-3194-4B0A-880C-F526D8A09ADF}.Release|x64.Build.0 = Release|x64
		{15E3AAB0-3194-4B0A-880C-F526D8A09ADF}.Release|x86.ActiveCfg = Release|Win32
		{15E3AAB0-3194-4B0A-880C-F526D8A09ADF}.Release|x86.Build.0 = Release|Win32
		{BCB82E3D-F14F-4631-AFAD-A97E2A65EBE6}.Debug|x64.ActiveCfg = Debug|x64
		{BCB82E3D-F14F-4631-AFAD-A97E2A65EBE6}.Debug|x64.Build.0 = Debug|x64
		{BCB82E3D-F14F-4631-AFAD-A97E2A65EBE6}.Debug|x86.ActiveCfg = Debug|Win32
		{BCB82E3D-F14F-4631-AFAD-A97E2A65EBE6}.Debug|x86.Build.0 = Debug|Win32
		{BCB82E3D-F14F-4631-AFAD-A97E2A65EBE6}.Release|x64.ActiveCfg = Release|x64
		{BCB82E3D-F14F-4631-AFAD-A97E2A65EBE6}.Release|x64.Build.0 = Release|x64
		{BCB82E3D-F14F-4631-AFAD-A97E2A65EBE6}.Release|x86.ActiveCfg = Release|Win32
		{BCB82E3D-F14F-4631-AFAD-A97E2A65EBE6}.Release|x86.Build.0 = Release|Win32
		{BDACF75F-4B4A-4539-BF1C-4BE65086F387}.Debug|x64.ActiveCfg = Debug|x64
		{BDACF75F-4B4A-4539-BF1C-4BE65086F387}.Debug|x64.Build.0 = Debug|x64
		{BDACF75F-4B4A-4539-BF1C-4BE65086F387}.Debug|x86.ActiveCfg = Debug|Win32
		{BDACF75F-4B4A-4539-BF1C-4BE65086F387}.Debug|x86.Build.0 = Debug|Win32
		{BDACF75F-4B4A-4539-BF1C-4BE65086F387}.Release|x64.ActiveCfg = Release|x64
		{BDACF75F-4B4A-4539-BF1C-4BE65086F387}.Release|x64.Build.0 = Release|x64
		{BDACF75F-4B4A-4539-BF1C-4BE65086F387}.Release|x86.ActiveCfg = Release|Win32
		{BDACF75F-4B4A-4539-BF1C-4BE65086F387}.Release|x86.Build.0 = Release|Win32
		{D9C4C4F7-3063-4163-82CE-F6DFD7202597}.Debug|x64.ActiveCfg = Debug|x64
		{D9C4C4F7-3063-4163-82CE-F6DFD7202597}.Debug|x64.Build.0 = Debug|x64
		{D9C4C4F7-3063-4163-82CE-F6DFD7202597}.Debug|x86.ActiveCfg = Debug|Win32
		{D9C4C4F7-3063-4163-82CE-F6DFD7202597}.Debug|x86.Build.0 = Debug|Win32
		{D9C4C4F7-3063-4163-82CE-F6DFD7202597}.Release|x64.ActiveCfg = Release|x64
		{D9C4C4F7-3063-4163-82CE-F6DFD7202597}.Release|x64.Build.0 = Release|x64
		{D9C4C4F7-3063-4163-82CE-F6DFD7202597}.Release|x86.ActiveCfg = Release|Win32
		{D9C4C4F7-3063-4163-82CE-F6DFD7202597}.Release|x86.Build.0 = Release|Win32
		{BA1600A6-080D-4D28-9F96-93BB1AC68234}.Debug|x64.ActiveCfg = Debug|x64
		{BA1600A6-080D-4D28-9F96-93BB1AC68234}.Debug|x64.Build.0 = Debug|x64
		{BA1600A6-080D-4D28-9F96-93BB1AC68234}.Debug|x86.ActiveCfg = Debug|Win32
		{BA1600A6-080D-4D28-9F96-93BB1AC68234}.Debug|x86.Build.0 = Debug|Win32
		{BA1600A6-080D-4D28-9F96-93BB1AC68234}.Release|x64.ActiveCfg = Release|x64
		{BA1600A6-080D-4D28-9F96-93BB1AC68234}.Release|x64.Build.0 = Release|x64
		{BA1600A6-080D-4D28-9F96-93BB1AC68234}.Release|x86.ActiveCfg = Release|Win32
		{BA1600A6-080D-4D28-9F96-93BB1AC68234}.Release|x86.Build.0 = Release|Win32
		{66E529C7-E24F-4766-BF64-D2883E05045B}.Debug|x64.ActiveCfg = Debug|x64
		{66E529C7-E24F-4766-BF64-D2883E05045B}.Debug|x64.Build.0 = Debug|x64
		{66E529C7-E24F-4766-BF64-D2883E05045B}.Debug|x86.ActiveCfg = Debug|Win32
		{66E529C7-E24F-4766-BF64-D2883E05045B}.Debug|x86.Build.0 = Debug|Win32
		{66E529C7-E24F-4766-BF64-D2883E05045B}.Release|x64.ActiveCfg = Release|x64
		{66E529C7-E24F-4766-BF64-D2883E05045B}.Release|x64.Build.0 = Release|x64
		{66E529C7-E24F-4766-BF64-D2883E05045B}.Release|x86.ActiveCfg = Release|Win32
		{66E529C7-E24F-4766-BF64-D2883E05045B}.Release|x86.Build.0 = Release|Win32
		{7889A5AF-D55B-4D8E-BDC4-B97C3D4BFAE3}.Debug|x64.ActiveCfg = Debug|x64
		{7889A5AF-D55B-4D8E-BDC4-B97C3D4BFAE3}.Debug|x64.Build.0 = Debug|x64
		{7889A5AF-D55B-4D8E-BDC4-B97C3D4BFAE3}.Debug|x86.ActiveCfg = Debug|Win32
		{7889A5AF-D55B-4D8E-BDC4-B97C3D4BFAE3}.Debug|x86.Build.0 = Debug|Win32
		{7889A5AF-D55B-4D8E-BDC4-B97C3D4BFAE3}.Release|x64.ActiveCfg = Release|x64
		{7889A5AF-D55B-4D8E-BDC4-B97C3D4BFAE3}.Release|x64.Build.0 = Release|x64
		{7889A5AF-D55B-4D8E-BDC4-B97C3D4BFAE3}.Release|x86.ActiveCfg = Release|Win32
		{7889A5AF-D55B-4D8E-BDC4-B97C3D4BFAE3}.Release|x86.Build.0 = Release|Win32
		{21BD7AD0-B221-4971-98C9-A6960A70D7FC}.Debug|x64.ActiveCfg = Debug|x64
		{21BD7AD0-B221-4971-98C9-A6960A70D7FC}.Debug|x64.Build.0 = Debug|x64
		{21BD7AD0-B221-4971-98C9-A6960A70D7FC}.Debug|x86.ActiveCfg = Debug|Win32
		{21BD7AD0-B221-4971-98C9-A6960A70D7FC}.Debug|x86.Build.0 = Debug|Win32
		{21BD7AD0-B221-4971-98C9-A6960A70D7FC}.Release|x64.ActiveCfg = Release|x64
		{21BD7AD0-B221-4971-98C9-A6960A70D7FC}.Release|x64.Build.0 = Release|x64
		{21BD7AD0-B221-4971-98C9-A6960A70D7FC}.Release|x86.ActiveCfg = Release|Win32
		{21BD7AD0-B221-4971-98C9-A6960A70D7FC}.Release|x86.Build.0 = Release|Win32
		{0D117982-F26C-42DD-B2EE-88749097F4E2}.Debug|x64.ActiveCfg = Debug|x64
		{0D117982-F26C-42DD-B2EE-88749097F4E2}.Debug|x64.Build.0 = Debug|x64
		{0D117982-F26C-42DD-B2EE-88749097F4E2}.Debug|x86.ActiveCfg = Debug|Win32
		{0D117982-F26C-42DD-B2EE-88749097F4E2}.Debug|x86.Build.0 = Debug|Win32
		{0D117982-F26C-42DD-B2EE-88749097F4E2}.Release|x64.ActiveCfg = Release|x64
		{0D117982-F26C-42DD-B2EE-88749097F4E2}.Release|x64.Build.0 = Release|x64
		{0D117982-F26C-42DD-B2EE-88749097F4E2}.Release|x86.ActiveCfg = Release|Win32
		{0D117982-F26C-42DD-B2EE-88749097F4E2}.Release|x86.Build.0 = Release|Win32
		{3647B417-1C4F-4ABA-A1B5-C41500D1ED1F}.Debug|x64.ActiveCfg = Debug|x64
		{3647B417-1C4F-4ABA-A1B5-C41500D1ED1F}.Debug|x64.Build.0 = Debug|x64
		{3647B417-1C4F-4ABA-A1B5-C41500D1ED1F}.Debug|x86.ActiveCfg = Debug|Win32
		{3647B417-1C4F-4ABA-A1B5-C41500D1ED1F}.Debug|x86.Build.0 = Debug|Win32
		{3647B417-1C4F-4ABA-A1B5-C41500D1ED1F}.Release|x64.ActiveCfg = Release|x64
		{3647B417-1C4F-4ABA-A1B5-C41500D1ED1F}.Release|x64.Build.0 = Release|x64
		{3647B417-1C4F-4ABA-A1B5-C41500D1ED1F}.Release|x86.ActiveCfg = Release|Win32
		{3647B417-1C4F-4ABA-A1B5-C41500D1ED1F}.Release|x86.Build.0 = Release|Win32
		{36A9E126-00E0-4EFB-843F-009E7C4C277C}.Debug|x64.ActiveCfg = Debug|x64
		{36A9E126-00E0-4EFB-843F-009E7C4C277C}.Debug|x64.Build.0 = Debug|x64
		{36A9E126-00E0-4EFB-843F-009E7C4C277C}.Debug|x86.ActiveCfg = Debug|Win32
		{36A9E126-00E0-4EFB-843F-009E7C4C277C}.Debug|x86.Build.0 = Debug|Win32
		{36A9E126-00E0-4EFB-843F-009E7C4C277C}.Release|x64.ActiveCfg = Release|x64
		{36A9E126-00E0-4EFB-843F-009E7C4C277C}.Release|x64.Build.0 = Release|x64
		{36A9E126-00E0-4EFB-843F-009E7C4C277C}.Release|x86.ActiveCfg = Release|Win32
		{36A9E126-00E0-4EFB-843F-009E7C4C277C}.Release|x86.Build.0 = Release|Win32
		{853754DE-C348-4669-A776-CAD560F47082}.Debug|x64.ActiveCfg = Debug|x64
		{853754DE-C348-4669-A776-CAD560F47082}.Debug|x64.Build.0 = Debug|x64
		{853754DE-C348-4669-A776-CAD560F47082}.Debug|x86.ActiveCfg = Debug|Win32
		{853754DE-C348-4669-A776-CAD560F47082}.Debug|x86.Build.0 = Debug|Win32
		{853754DE-C348-4669-A776-CAD560F47082}.Release|x64.ActiveCfg = Release|x64
		{853754DE-C348-4669-A776-CAD560F47082}.Release|x64.Build.0 = Release|x64
		{853754DE-C348-4669-A776-CAD560F47082}.Release|x86.ActiveCfg = Release|Win32
		{853754DE-C348-4669-A776-CAD560F47082}.Release|x86.Build.0 = Release|Win32
		{E96156AF-8FDF-4D09-A2A5-467A0E456AC4}.Debug|x64.ActiveCfg = Debug|x64
		{E96156AF-8FDF-4D09-A2A5-467A0E456AC4}.Debug|x64.Build.0 = Debug|x64
		{E96156AF-8FDF-4D09-A2A5-467A0E456AC4}.Debug|x86.ActiveCfg = Debug|Win32
		{E96156AF-8FDF-4D09-A2A5-467A0E456AC4}.Debug|x86.Build.0 = Debug|Win32
		{E96156AF-8FDF-4D09-A2A5-467A0E456AC4}.Release|x64.ActiveCfg = Release|x64
		{E96156AF-8FDF-4D09-A2A5-467A0E456AC4}.Release|x64.Build.0 = Release|x64
		{E96156AF-8FDF-4D09-A2A5-467A0E456AC4}.Release|x86.ActiveCfg = Release|Win32
		{E96156AF-8FDF-4D09-A2A5-467A0E456AC4}.Release|x86.Build.0 = Release|Win32
		{45CAD2EA-FAF8-4AFC-8DA6-C1C7D0F0569E}.Debug|x64.ActiveCfg = Debug|x64
		{45CAD2EA-FAF8-4AFC-8DA6-C1C7D0F0569E}.Debug|x64.Build.0 = Debug|x64
		{45CAD2EA-FAF8-4AFC-8DA6-C1C7D0F0569E}.Debug|x86.ActiveCfg = Debug|Win32
		{45CAD2EA-FAF8-4AFC-8DA6-C1C7D0F0569E}.Debug|x86.Build.0 = Debug|Win32
		{45CAD2EA-FAF8-4AFC-8DA6-C1C7D0F0569E}.Release|x64.ActiveCfg = Release|x64
		{45CAD2EA-FAF8-4AFC-8DA6-C1C7D0F0569E}.Release|x64.Build.0 = Release|x64
		{45CAD2EA-FAF8-4AFC-8DA6-C1C7D0F0569E}.Release|x86.ActiveCfg = Release|Win32
		{45CAD2EA-FAF8-4AFC-8DA6-C1C7D0F0569E}.Release|x86.Build.0 = Release|Win32
		{84D769B5-E796-46F0-8DA4-7432E18ACF75}.Debug|x64.ActiveCfg = Debug|x64
		{84D769B5-E796-46F0-8DA4-7432E18ACF75}.Debug|x64.Build.0 = Debug|x64
		{84D769B5-E796-46F0-8DA4-7432E18ACF75}.Debug|x86.ActiveCfg = Debug|Win32
		{84D769B5-E796-46F0-8DA4-7432E18ACF75}.Debug|x86.Build.0 = Debug|Win32
		{84D769B5-E796-46F0-8DA4-7432E18ACF75}.Release|x64.ActiveCfg = Release|x64
		{84D769B5-E796-46F0-8DA4-7432E18ACF75}.Release|x64.Build.0 = Release|x64
		{84D769B5-E796-46F0-8DA4-7432E18ACF75}.Release|x86.ActiveCfg = Release|Win32
		{84D769B5-E796-46F0-8DA4-7432E18ACF75}.Release|x86.Build.0 = Release|Win32
		{2DC6A328-3113-444F-9B68-5A89537B5F99}.Debug|x64.ActiveCfg = Debug|x64
		{2DC6A328-3113-444F-9B68-5A89537B5F99}.Debug|x64.Build.0 = Debug|x64
		{2DC6A328-3113-444F-9B68-5A89537B5F99}.Debug|x86.ActiveCfg = Debug|Win32
		{2DC6A328-3113-444F-9B68-5A89537B5F99}.Debug|x86.Build.0 = Debug|Win32
		{2DC6A328-3113-444F-9B68-5A89537B5F99}.Release|x64.ActiveCfg = Release|x64
		{2DC6A328-3113-444F-9B68-5A89537B5F99}.Release|x64.Build.0 = Release|x64
		{2DC6A328-3113-444F-9B68-5A89537B5F99}.Release|x86.ActiveCfg = Release|Win32
		{2DC6A328-3113-444F-9B68-5A89537B5F99}.Release|x86.Build.0 = Release|Win32
		{DD8574B9-3968-4C4F-ACD7-C538620CBD5F}.Debug|x64.ActiveCfg = Debug|x64
		{DD8574B9-3968-4C4F-ACD7-C538620CBD5F}.Debug|x64.Build.0 = Debug|x64
		{DD8574B9-3968-4C4F-ACD7-C538620CBD5F}.Debug|x86.ActiveCfg = Debug|Win32
		{DD8574B9-3968-4C4F-ACD7-C538620CBD5F}.Debug|x86.Build.0 = Debug|Win32
		{DD8574B9-3968-4C4F-ACD7-C538620CBD5F}.Release|x64.ActiveCfg = Release|x64
		{DD8574B9-3968-4C4F-ACD7-C538620CBD5F}.Release|x64.Build.0 = Release|x64
		{DD8574B9-3968-4C4F-ACD7-C538620CBD5F}.Release|x86.ActiveCfg = Release|Win32
		{DD8574B9-3968-4C4F-ACD7-C538620CBD5F}.Release|x86.Build.0 = Release|Win32
		{2AB907AC-F6CA-44BB-86F6-246A419563A6}.Debug|x64.ActiveCfg = Debug|x64
		{2AB907AC-F6CA-44BB-86F6-246A419563A6}.Debug|x64.Build.0 = Debug|x64
		{2AB907AC-F6CA-44BB-86F6-246A419563A6}.Debug|x86.ActiveCfg = Debug|Win32
		{2AB907AC-F6CA-44BB-86F6-246A419563A6}.Debug|x86.Build.0 = Debug|Win32
		{2AB907AC-F6CA-44BB-86F6-246A419563A6}.Release|x64.ActiveCfg = Release|x64
		{2AB907AC-F6CA-44BB-86F6-246A419563A6}.Release|x64.Build.0 = Release|x64
		{2AB907AC-F6CA-44BB-86F6-246A419563A6}.Release|x86.ActiveCfg = Release|Win32
		{2AB907AC-F6CA-44BB-86F6-246A419563A6}.Release|x86.Build.0 = Release|Win32
		{A0548024-238F-4D60-8C3B-E39041378105}.Debug|x64.ActiveCfg = Debug|x64
		{A0548024-238F-4D60-8C3B-E39041378105}.Debug|x64.Build.0 = Debug|x64
		{A0548024-238F-4D60-8C3B-E39041378105}.Debug|x86.ActiveCfg = Debug|Win32
		{A0548024-238F-4D60-8C3B-E39041378105}.Debug|x86.Build.0 = Debug|Win32
		{A0548024-238F-4D60-8C3B-E39041378105}.Release|x64.ActiveCfg = Release|x64
		{A0548024-238F-4D60-8C3B-E39041378105}.Release|x64.Build.0 = Release|x64
		{A0548024-238F-4D60-8C3B-E39041378105}.Release|x86.ActiveCfg = Release|Win32
		{A0548024-238F-4D60-8C3B-E39041378105}.Release|x86.Build.0 = Release|Win32
	EndGlobalSection
	GlobalSection(SolutionProperties) = preSolution
		HideSolutionNode = FALSE
	EndGlobalSection
	GlobalSection(ExtensibilityGlobals) = postSolution
		SolutionGuid = {37AEE235-27E3-45E9-AEEC-CD55300A0E09}
	EndGlobalSection
EndGlobal
